
Microsoft Visual Studio Solution File, Format Version 12.00
# Visual Studio Version 16
VisualStudioVersion = 16.0.31105.61
MinimumVisualStudioVersion = 10.0.40219.1
Project("{9A19103F-16F7-4668-BE54-9A1E7A4F7556}") = "Weatherapi", "Weatherapi.csproj", "{D014A49C-EFDA-42E8-99BB-9A8038F6556E}"
EndProject
Project("{FAE04EC0-301F-11D3-BF4B-00C04F79EFBC}") = "WeatherMvc", "C:\Users\lalin\source\repos\WeatherMvc\WeatherMvc.csproj", "{684D7598-FEE9-45C8-84DE-CD328CD15B8E}"
EndProject
Global
	GlobalSection(SolutionConfigurationPlatforms) = preSolution
		Debug|Any CPU = Debug|Any CPU
		Release|Any CPU = Release|Any CPU
	EndGlobalSection
	GlobalSection(ProjectConfigurationPlatforms) = postSolution
		{D014A49C-EFDA-42E8-99BB-9A8038F6556E}.Debug|Any CPU.ActiveCfg = Debug|Any CPU
		{D014A49C-EFDA-42E8-99BB-9A8038F6556E}.Debug|Any CPU.Build.0 = Debug|Any CPU
		{D014A49C-EFDA-42E8-99BB-9A8038F6556E}.Release|Any CPU.ActiveCfg = Release|Any CPU
		{D014A49C-EFDA-42E8-99BB-9A8038F6556E}.Release|Any CPU.Build.0 = Release|Any CPU
		{684D7598-FEE9-45C8-84DE-CD328CD15B8E}.Debug|Any CPU.ActiveCfg = Debug|Any CPU
		{684D7598-FEE9-45C8-84DE-CD328CD15B8E}.Debug|Any CPU.Build.0 = Debug|Any CPU
		{684D7598-FEE9-45C8-84DE-CD328CD15B8E}.Release|Any CPU.ActiveCfg = Release|Any CPU
		{684D7598-FEE9-45C8-84DE-CD328CD15B8E}.Release|Any CPU.Build.0 = Release|Any CPU
	EndGlobalSection
	GlobalSection(SolutionProperties) = preSolution
		HideSolutionNode = FALSE
	EndGlobalSection
	GlobalSection(ExtensibilityGlobals) = postSolution
		SolutionGuid = {34A20201-9D26-497A-A31F-1846DB47951E}
	EndGlobalSection
EndGlobal
